
Microsoft Visual Studio Solution File, Format Version 12.00
# Visual Studio Version 17
VisualStudioVersion = 17.11.35312.102
MinimumVisualStudioVersion = 10.0.40219.1
Project("{9A19103F-16F7-4668-BE54-9A1E7A4F7556}") = "ComicADO", "ComicADO\ComicADO.csproj", "{D3F13F7D-4EA9-46E8-9979-6ACB5949A178}"
EndProject
Project("{9A19103F-16F7-4668-BE54-9A1E7A4F7556}") = "Ventas", "Ventas\Ventas.csproj", "{D9D20838-7F41-46FC-BFCF-D4BD548A8398}"
EndProject
Project("{9A19103F-16F7-4668-BE54-9A1E7A4F7556}") = "Comics", "Comics\Comics.csproj", "{B8F40888-3B56-4C26-A7E3-CA1A910C02F0}"
EndProject
Project("{9A19103F-16F7-4668-BE54-9A1E7A4F7556}") = "Entidades", "Entidades\Entidades.csproj", "{44B6E974-5EA4-4CD7-BDA0-5794FB83D2F6}"
EndProject
Project("{FAE04EC0-301F-11D3-BF4B-00C04F79EFBC}") = "ComicWPF", "ComicWPF\ComicWPF.csproj", "{D94C73B2-6343-43AE-A264-EE0ADB51CA56}"
EndProject
Global
	GlobalSection(SolutionConfigurationPlatforms) = preSolution
		Debug|Any CPU = Debug|Any CPU
		Release|Any CPU = Release|Any CPU
	EndGlobalSection
	GlobalSection(ProjectConfigurationPlatforms) = postSolution
		{D3F13F7D-4EA9-46E8-9979-6ACB5949A178}.Debug|Any CPU.ActiveCfg = Debug|Any CPU
		{D3F13F7D-4EA9-46E8-9979-6ACB5949A178}.Debug|Any CPU.Build.0 = Debug|Any CPU
		{D3F13F7D-4EA9-46E8-9979-6ACB5949A178}.Release|Any CPU.ActiveCfg = Release|Any CPU
		{D3F13F7D-4EA9-46E8-9979-6ACB5949A178}.Release|Any CPU.Build.0 = Release|Any CPU
		{D9D20838-7F41-46FC-BFCF-D4BD548A8398}.Debug|Any CPU.ActiveCfg = Debug|Any CPU
		{D9D20838-7F41-46FC-BFCF-D4BD548A8398}.Debug|Any CPU.Build.0 = Debug|Any CPU
		{D9D20838-7F41-46FC-BFCF-D4BD548A8398}.Release|Any CPU.ActiveCfg = Release|Any CPU
		{D9D20838-7F41-46FC-BFCF-D4BD548A8398}.Release|Any CPU.Build.0 = Release|Any CPU
		{B8F40888-3B56-4C26-A7E3-CA1A910C02F0}.Debug|Any CPU.ActiveCfg = Debug|Any CPU
		{B8F40888-3B56-4C26-A7E3-CA1A910C02F0}.Debug|Any CPU.Build.0 = Debug|Any CPU
		{B8F40888-3B56-4C26-A7E3-CA1A910C02F0}.Release|Any CPU.ActiveCfg = Release|Any CPU
		{B8F40888-3B56-4C26-A7E3-CA1A910C02F0}.Release|Any CPU.Build.0 = Release|Any CPU
		{44B6E974-5EA4-4CD7-BDA0-5794FB83D2F6}.Debug|Any CPU.ActiveCfg = Debug|Any CPU
		{44B6E974-5EA4-4CD7-BDA0-5794FB83D2F6}.Debug|Any CPU.Build.0 = Debug|Any CPU
		{44B6E974-5EA4-4CD7-BDA0-5794FB83D2F6}.Release|Any CPU.ActiveCfg = Release|Any CPU
		{44B6E974-5EA4-4CD7-BDA0-5794FB83D2F6}.Release|Any CPU.Build.0 = Release|Any CPU
		{D94C73B2-6343-43AE-A264-EE0ADB51CA56}.Debug|Any CPU.ActiveCfg = Debug|Any CPU
		{D94C73B2-6343-43AE-A264-EE0ADB51CA56}.Debug|Any CPU.Build.0 = Debug|Any CPU
		{D94C73B2-6343-43AE-A264-EE0ADB51CA56}.Release|Any CPU.ActiveCfg = Release|Any CPU
		{D94C73B2-6343-43AE-A264-EE0ADB51CA56}.Release|Any CPU.Build.0 = Release|Any CPU
	EndGlobalSection
	GlobalSection(SolutionProperties) = preSolution
		HideSolutionNode = FALSE
	EndGlobalSection
	GlobalSection(ExtensibilityGlobals) = postSolution
		SolutionGuid = {F2A702F1-78B7-48A6-A829-02FE76B4BEFC}
	EndGlobalSection
EndGlobal
